PODS:
  - ChameleonFramework (2.1.0):
    - ChameleonFramework/Default (= 2.1.0)
  - ChameleonFramework/Default (2.1.0)
  - pop (1.0.12)
  - Realm (3.14.2):
    - Realm/Headers (= 3.14.2)
  - Realm/Headers (3.14.2)

DEPENDENCIES:
  - ChameleonFramework
  - pop
  - Realm

SPEC REPOS:
  https://github.com/cocoapods/specs.git:
    - ChameleonFramework
    - pop
    - Realm

SPEC CHECKSUMS:
  ChameleonFramework: d21a3cc247abfe5e37609a283a8238b03575cf64
  pop: d582054913807fd11fd50bfe6a539d91c7e1a55a
  Realm: 179c6706e3a49dbfe112e572fd3c03d3169bea35

PODFILE CHECKSUM: bde2635d9b4eb9786270aa58fabab0243671a9a2

COCOAPODS: 1.6.1
